
Microsoft Visual Studio Solution File, Format Version 12.00
# Visual Studio Version 17
VisualStudioVersion = 17.6.33829.357
MinimumVisualStudioVersion = 10.0.40219.1
Project("{9A19103F-16F7-4668-BE54-9A1E7A4F7556}") = "ReplacerConsoleApp", "ReplacerConsoleApp\ReplacerConsoleApp.csproj", "{2A28C39D-08D5-45F8-869D-AB0AB232F606}"
EndProject
Project("{FAE04EC0-301F-11D3-BF4B-00C04F79EFBC}") = "ReplacerTests", "ReplacerTests\ReplacerTests.csproj", "{34A699E2-16B4-486F-AFBF-B4B24CF365A8}"
EndProject
Project("{FAE04EC0-301F-11D3-BF4B-00C04F79EFBC}") = "ReplacerClassLibrary", "ReplacerClassLibrary\ReplacerClassLibrary.csproj", "{71ADEB01-EB9A-4A8E-9B18-1C87A8B66642}"
EndProject
Global
	GlobalSection(SolutionConfigurationPlatforms) = preSolution
		Debug|Any CPU = Debug|Any CPU
		Release|Any CPU = Release|Any CPU
	EndGlobalSection
	GlobalSection(ProjectConfigurationPlatforms) = postSolution
		{2A28C39D-08D5-45F8-869D-AB0AB232F606}.Debug|Any CPU.ActiveCfg = Debug|Any CPU
		{2A28C39D-08D5-45F8-869D-AB0AB232F606}.Debug|Any CPU.Build.0 = Debug|Any CPU
		{2A28C39D-08D5-45F8-869D-AB0AB232F606}.Release|Any CPU.ActiveCfg = Release|Any CPU
		{2A28C39D-08D5-45F8-869D-AB0AB232F606}.Release|Any CPU.Build.0 = Release|Any CPU
		{34A699E2-16B4-486F-AFBF-B4B24CF365A8}.Debug|Any CPU.ActiveCfg = Debug|Any CPU
		{34A699E2-16B4-486F-AFBF-B4B24CF365A8}.Debug|Any CPU.Build.0 = Debug|Any CPU
		{34A699E2-16B4-486F-AFBF-B4B24CF365A8}.Release|Any CPU.ActiveCfg = Release|Any CPU
		{34A699E2-16B4-486F-AFBF-B4B24CF365A8}.Release|Any CPU.Build.0 = Release|Any CPU
		{71ADEB01-EB9A-4A8E-9B18-1C87A8B66642}.Debug|Any CPU.ActiveCfg = Debug|Any CPU
		{71ADEB01-EB9A-4A8E-9B18-1C87A8B66642}.Debug|Any CPU.Build.0 = Debug|Any CPU
		{71ADEB01-EB9A-4A8E-9B18-1C87A8B66642}.Release|Any CPU.ActiveCfg = Release|Any CPU
		{71ADEB01-EB9A-4A8E-9B18-1C87A8B66642}.Release|Any CPU.Build.0 = Release|Any CPU
	EndGlobalSection
	GlobalSection(SolutionProperties) = preSolution
		HideSolutionNode = FALSE
	EndGlobalSection
	GlobalSection(ExtensibilityGlobals) = postSolution
		SolutionGuid = {F75DE14C-F7FD-4C4F-BAF6-AC6C05A2FB91}
	EndGlobalSection
EndGlobal
